Microsoft Visual Studio Solution File, Format Version 12.00
# Visual Studio Version 17
VisualStudioVersion = 17.5.2.0
MinimumVisualStudioVersion = 10.0.40219.1
Project("{FAE04EC0-301F-11D3-BF4B-00C04F79EFBC}") = "Gestus.Wpf", "Gestus.Wpf\Gestus.Wpf.csproj", "{2D8FB48E-93C2-47D2-BAC3-627B517C7C4E}"
EndProject
Global
	GlobalSection(SolutionConfigurationPlatforms) = preSolution
		Debug|Any CPU = Debug|Any CPU
		Release|Any CPU = Release|Any CPU
	EndGlobalSection
	GlobalSection(ProjectConfigurationPlatforms) = postSolution
		{2D8FB48E-93C2-47D2-BAC3-627B517C7C4E}.Debug|Any CPU.ActiveCfg = Debug|Any CPU
		{2D8FB48E-93C2-47D2-BAC3-627B517C7C4E}.Debug|Any CPU.Build.0 = Debug|Any CPU
		{2D8FB48E-93C2-47D2-BAC3-627B517C7C4E}.Release|Any CPU.ActiveCfg = Release|Any CPU
		{2D8FB48E-93C2-47D2-BAC3-627B517C7C4E}.Release|Any CPU.Build.0 = Release|Any CPU
	EndGlobalSection
	GlobalSection(SolutionProperties) = preSolution
		HideSolutionNode = FALSE
	EndGlobalSection
	GlobalSection(ExtensibilityGlobals) = postSolution
		SolutionGuid = {7FBD7B70-0072-4E9B-9E7D-7E8E7F0E4996}
	EndGlobalSection
EndGlobal
